<?xml version="1.0" encoding="UTF-8"?>
<Scheme LastUpgradeVersion="1630" version="1.3">
  <BuildAction parallelizeBuildables="YES" buildImplicitDependencies="YES">
    <BuildActionEntries><BuildActionEntry buildForTesting="NO" buildForRunning="YES" buildForProfiling="YES" buildForArchiving="NO" buildForAnalyzing="YES"><BuildableReference BuildableIdentifier="primary" BlueprintIdentifier="3CC1E0BAAD4175D7C15C173D" BuildableName="CraftTerminalStress" BlueprintName="CraftTerminalStress" ReferencedContainer="container:Craft.xcodeproj"/></BuildActionEntry></BuildActionEntries>
  </BuildAction>
  <LaunchAction buildConfiguration="Release" selectedDebuggerIdentifier="Xcode.DebuggerFoundation.Debugger.LLDB" selectedLauncherIdentifier="Xcode.IDEFoundation.Launcher.LLDB" launchStyle="0" useCustomWorkingDirectory="NO" ignoresPersistentStateOnLaunch="NO" debugDocumentVersioning="YES" allowLocationSimulation="YES">
    <BuildableProductRunnable runnableDebuggingMode="0"><BuildableReference BuildableIdentifier="primary" BlueprintIdentifier="3CC1E0BAAD4175D7C15C173D" BuildableName="CraftTerminalStress" BlueprintName="CraftTerminalStress" ReferencedContainer="container:Craft.xcodeproj"/></BuildableProductRunnable>
  </LaunchAction>
  <AnalyzeAction buildConfiguration="Debug"/>
</Scheme>
